
Microsoft Visual Studio Solution File, Format Version 12.00
# Visual Studio Version 16
VisualStudioVersion = 25.0.1706.0
MinimumVisualStudioVersion = 10.0.40219.1
Project("{FAE04EC0-301F-11D3-BF4B-00C04F79EFBC}") = "MagicVilla_VillaAPI", "MagicVilla_VillaAPI\MagicVilla_VillaAPI.csproj", "{A80C04B4-8195-444A-8DD1-A5E9C34BA733}"
EndProject
Project("{FAE04EC0-301F-11D3-BF4B-00C04F79EFBC}") = "MagicVilla_Web", "MagicVilla_Web\MagicVilla_Web.csproj", "{C33B4FB6-8F42-4A34-BF94-03A9A7C43752}"
EndProject
Project("{FAE04EC0-301F-11D3-BF4B-00C04F79EFBC}") = "MagicVilla_Utility", "MagicVilla_Utility\MagicVilla_Utility.csproj", "{F72DFA3B-4D51-46CA-A852-1600673EA3FD}"
EndProject
Global
	GlobalSection(SolutionConfigurationPlatforms) = preSolution
		Debug|Any CPU = Debug|Any CPU
		Release|Any CPU = Release|Any CPU
	EndGlobalSection
	GlobalSection(ProjectConfigurationPlatforms) = postSolution
		{A80C04B4-8195-444A-8DD1-A5E9C34BA733}.Debug|Any CPU.ActiveCfg = Debug|Any CPU
		{A80C04B4-8195-444A-8DD1-A5E9C34BA733}.Debug|Any CPU.Build.0 = Debug|Any CPU
		{A80C04B4-8195-444A-8DD1-A5E9C34BA733}.Release|Any CPU.ActiveCfg = Release|Any CPU
		{A80C04B4-8195-444A-8DD1-A5E9C34BA733}.Release|Any CPU.Build.0 = Release|Any CPU
		{C33B4FB6-8F42-4A34-BF94-03A9A7C43752}.Debug|Any CPU.ActiveCfg = Debug|Any CPU
		{C33B4FB6-8F42-4A34-BF94-03A9A7C43752}.Debug|Any CPU.Build.0 = Debug|Any CPU
		{C33B4FB6-8F42-4A34-BF94-03A9A7C43752}.Release|Any CPU.ActiveCfg = Release|Any CPU
		{C33B4FB6-8F42-4A34-BF94-03A9A7C43752}.Release|Any CPU.Build.0 = Release|Any CPU
		{F72DFA3B-4D51-46CA-A852-1600673EA3FD}.Debug|Any CPU.ActiveCfg = Debug|Any CPU
		{F72DFA3B-4D51-46CA-A852-1600673EA3FD}.Release|Any CPU.ActiveCfg = Release|Any CPU
		{F72DFA3B-4D51-46CA-A852-1600673EA3FD}.Release|Any CPU.Build.0 = Release|Any CPU
		{F72DFA3B-4D51-46CA-A852-1600673EA3FD}.Debug|Any CPU.Build.0 = Debug|Any CPU
	EndGlobalSection
	GlobalSection(SolutionProperties) = preSolution
		HideSolutionNode = FALSE
	EndGlobalSection
	GlobalSection(ExtensibilityGlobals) = postSolution
		SolutionGuid = {A6B2CD9A-D7AB-4E76-8908-F31F4EB99744}
	EndGlobalSection
	GlobalSection(MonoDevelopProperties) = preSolution
		Policies = $0
		$0.DotNetNamingPolicy = $1
		$1.DirectoryNamespaceAssociation = PrefixedHierarchical
	EndGlobalSection
EndGlobal
